
Microsoft Visual Studio Solution File, Format Version 12.00
# Visual Studio 2017
Project("{FAE04EC0-301F-11D3-BF4B-00C04F79EFBC}") = "Talent Tree", "Talent Tree.csproj", "{66819248-4399-1913-B725-70170861E421}"
EndProject
Project("{FAE04EC0-301F-11D3-BF4B-00C04F79EFBC}") = "Talent Tree.Editor", "Talent Tree.Editor.csproj", "{60814FF7-D160-72FA-B545-8E01BE9AE036}"
EndProject
Global
	GlobalSection(SolutionConfigurationPlatforms) = preSolution
		Debug|Any CPU = Debug|Any CPU
		Release|Any CPU = Release|Any CPU
	EndGlobalSection
	GlobalSection(ProjectConfigurationPlatforms) = postSolution
		{66819248-4399-1913-B725-70170861E421}.Debug|Any CPU.ActiveCfg = Debug|Any CPU
		{66819248-4399-1913-B725-70170861E421}.Debug|Any CPU.Build.0 = Debug|Any CPU
		{66819248-4399-1913-B725-70170861E421}.Release|Any CPU.ActiveCfg = Release|Any CPU
		{66819248-4399-1913-B725-70170861E421}.Release|Any CPU.Build.0 = Release|Any CPU
		{60814FF7-D160-72FA-B545-8E01BE9AE036}.Debug|Any CPU.ActiveCfg = Debug|Any CPU
		{60814FF7-D160-72FA-B545-8E01BE9AE036}.Debug|Any CPU.Build.0 = Debug|Any CPU
		{60814FF7-D160-72FA-B545-8E01BE9AE036}.Release|Any CPU.ActiveCfg = Release|Any CPU
		{60814FF7-D160-72FA-B545-8E01BE9AE036}.Release|Any CPU.Build.0 = Release|Any CPU
	EndGlobalSection
	GlobalSection(SolutionProperties) = preSolution
		HideSolutionNode = FALSE
	EndGlobalSection
EndGlobal
